{
  "version": 4,
  "terraform_version": "1.0.5",
  "serial": 10,
  "lineage": "aff763cd-ee6b-252f-8f30-ead620eb7d61",
  "outputs": {
    "kubernetes_dev_cluster_host": {
      "value": "35.228.162.195",
      "type": "string"
    },
    "kubernetes_dev_cluster_name": {
      "value": "test-cicd-miquelpuigmena-dev-gke",
      "type": "string"
    },
    "kubernetes_prod_cluster_host": {
      "value": "35.228.200.250",
      "type": "string"
    },
    "kubernetes_prod_cluster_name": {
      "value": "test-cicd-miquelpuigmena-prod-gke",
      "type": "string"
    },
    "project_id": {
      "value": "test-cicd-miquelpuigmena",
      "type": "string"
    },
    "region": {
      "value": "europe-north1",
      "type": "string"
    }
  },
  "resources": [
    {
      "mode": "managed",
      "type": "google_compute_network",
      "name": "dev_vpc",
      "provider": "provider[\"registry.terraform.io/hashicorp/google\"]",
      "instances": [
        {
          "schema_version": 0,
          "attributes": {
            "auto_create_subnetworks": false,
            "delete_default_routes_on_create": false,
            "description": "",
            "gateway_ipv4": "",
            "id": "projects/test-cicd-miquelpuigmena/global/networks/test-cicd-miquelpuigmena-dev-vpc",
            "mtu": 0,
            "name": "test-cicd-miquelpuigmena-dev-vpc",
            "project": "test-cicd-miquelpuigmena",
            "routing_mode": "REGIONAL",
            "self_link": "https://www.googleapis.com/compute/v1/projects/test-cicd-miquelpuigmena/global/networks/test-cicd-miquelpuigmena-dev-vpc",
            "timeouts": null
          },
          "sensitive_attributes": [],
          "private": "eyJlMmJmYjczMC1lY2FhLTExZTYtOGY4OC0zNDM2M2JjN2M0YzAiOnsiY3JlYXRlIjoyNDAwMDAwMDAwMDAsImRlbGV0ZSI6MjQwMDAwMDAwMDAwLCJ1cGRhdGUiOjI0MDAwMDAwMDAwMH19"
        }
      ]
    },
    {
      "mode": "managed",
      "type": "google_compute_network",
      "name": "prod_vpc",
      "provider": "provider[\"registry.terraform.io/hashicorp/google\"]",
      "instances": [
        {
          "schema_version": 0,
          "attributes": {
            "auto_create_subnetworks": false,
            "delete_default_routes_on_create": false,
            "description": "",
            "gateway_ipv4": "",
            "id": "projects/test-cicd-miquelpuigmena/global/networks/test-cicd-miquelpuigmena-prod-vpc",
            "mtu": 0,
            "name": "test-cicd-miquelpuigmena-prod-vpc",
            "project": "test-cicd-miquelpuigmena",
            "routing_mode": "REGIONAL",
            "self_link": "https://www.googleapis.com/compute/v1/projects/test-cicd-miquelpuigmena/global/networks/test-cicd-miquelpuigmena-prod-vpc",
            "timeouts": null
          },
          "sensitive_attributes": [],
          "private": "eyJlMmJmYjczMC1lY2FhLTExZTYtOGY4OC0zNDM2M2JjN2M0YzAiOnsiY3JlYXRlIjoyNDAwMDAwMDAwMDAsImRlbGV0ZSI6MjQwMDAwMDAwMDAwLCJ1cGRhdGUiOjI0MDAwMDAwMDAwMH19"
        }
      ]
    },
    {
      "mode": "managed",
      "type": "google_compute_subnetwork",
      "name": "dev_subnet",
      "provider": "provider[\"registry.terraform.io/hashicorp/google\"]",
      "instances": [
        {
          "schema_version": 0,
          "attributes": {
            "creation_timestamp": "2021-10-01T00:41:05.114-07:00",
            "description": "",
            "fingerprint": null,
            "gateway_address": "10.11.0.1",
            "id": "projects/test-cicd-miquelpuigmena/regions/europe-north1/subnetworks/test-cicd-miquelpuigmena-dev-subnet",
            "ip_cidr_range": "10.11.0.0/24",
            "log_config": [],
            "name": "test-cicd-miquelpuigmena-dev-subnet",
            "network": "https://www.googleapis.com/compute/v1/projects/test-cicd-miquelpuigmena/global/networks/test-cicd-miquelpuigmena-dev-vpc",
            "private_ip_google_access": false,
            "private_ipv6_google_access": "DISABLE_GOOGLE_ACCESS",
            "project": "test-cicd-miquelpuigmena",
            "region": "europe-north1",
            "secondary_ip_range": [],
            "self_link": "https://www.googleapis.com/compute/v1/projects/test-cicd-miquelpuigmena/regions/europe-north1/subnetworks/test-cicd-miquelpuigmena-dev-subnet",
            "timeouts": null
          },
          "sensitive_attributes": [],
          "private": "eyJlMmJmYjczMC1lY2FhLTExZTYtOGY4OC0zNDM2M2JjN2M0YzAiOnsiY3JlYXRlIjozNjAwMDAwMDAwMDAsImRlbGV0ZSI6MzYwMDAwMDAwMDAwLCJ1cGRhdGUiOjM2MDAwMDAwMDAwMH19",
          "dependencies": [
            "google_compute_network.dev_vpc"
          ]
        }
      ]
    },
    {
      "mode": "managed",
      "type": "google_compute_subnetwork",
      "name": "prod_subnet",
      "provider": "provider[\"registry.terraform.io/hashicorp/google\"]",
      "instances": [
        {
          "schema_version": 0,
          "attributes": {
            "creation_timestamp": "2021-10-01T00:41:05.720-07:00",
            "description": "",
            "fingerprint": null,
            "gateway_address": "10.10.0.1",
            "id": "projects/test-cicd-miquelpuigmena/regions/europe-north1/subnetworks/test-cicd-miquelpuigmena-prod-subnet",
            "ip_cidr_range": "10.10.0.0/24",
            "log_config": [],
            "name": "test-cicd-miquelpuigmena-prod-subnet",
            "network": "https://www.googleapis.com/compute/v1/projects/test-cicd-miquelpuigmena/global/networks/test-cicd-miquelpuigmena-prod-vpc",
            "private_ip_google_access": false,
            "private_ipv6_google_access": "DISABLE_GOOGLE_ACCESS",
            "project": "test-cicd-miquelpuigmena",
            "region": "europe-north1",
            "secondary_ip_range": [],
            "self_link": "https://www.googleapis.com/compute/v1/projects/test-cicd-miquelpuigmena/regions/europe-north1/subnetworks/test-cicd-miquelpuigmena-prod-subnet",
            "timeouts": null
          },
          "sensitive_attributes": [],
          "private": "eyJlMmJmYjczMC1lY2FhLTExZTYtOGY4OC0zNDM2M2JjN2M0YzAiOnsiY3JlYXRlIjozNjAwMDAwMDAwMDAsImRlbGV0ZSI6MzYwMDAwMDAwMDAwLCJ1cGRhdGUiOjM2MDAwMDAwMDAwMH19",
          "dependencies": [
            "google_compute_network.prod_vpc"
          ]
        }
      ]
    },
    {
      "mode": "managed",
      "type": "google_container_cluster",
      "name": "dev",
      "provider": "provider[\"registry.terraform.io/hashicorp/google-beta\"]",
      "instances": [
        {
          "schema_version": 1,
          "attributes": {
            "addons_config": [
              {
                "cloudrun_config": [],
                "config_connector_config": [],
                "dns_cache_config": [
                  {
                    "enabled": true
                  }
                ],
                "gce_persistent_disk_csi_driver_config": [
                  {
                    "enabled": true
                  }
                ],
                "horizontal_pod_autoscaling": [],
                "http_load_balancing": [],
                "istio_config": [],
                "kalm_config": [],
                "network_policy_config": [
                  {
                    "disabled": true
                  }
                ]
              }
            ],
            "authenticator_groups_config": [],
            "cluster_autoscaling": [
              {
                "auto_provisioning_defaults": [
                  {
                    "min_cpu_platform": "",
                    "oauth_scopes": [
                      "https://www.googleapis.com/auth/devstorage.read_only",
                      "https://www.googleapis.com/auth/logging.write",
                      "https://www.googleapis.com/auth/monitoring",
                      "https://www.googleapis.com/auth/service.management.readonly",
                      "https://www.googleapis.com/auth/servicecontrol",
                      "https://www.googleapis.com/auth/trace.append"
                    ],
                    "service_account": "default"
                  }
                ],
                "autoscaling_profile": "OPTIMIZE_UTILIZATION",
                "enabled": true,
                "resource_limits": [
                  {
                    "maximum": 1000000000,
                    "minimum": 0,
                    "resource_type": "cpu"
                  },
                  {
                    "maximum": 1000000000,
                    "minimum": 0,
                    "resource_type": "memory"
                  }
                ]
              }
            ],
            "cluster_ipv4_cidr": "10.254.128.0/17",
            "cluster_telemetry": [
              {
                "type": "ENABLED"
              }
            ],
            "confidential_nodes": [],
            "database_encryption": [
              {
                "key_name": "",
                "state": "DECRYPTED"
              }
            ],
            "datapath_provider": "",
            "default_max_pods_per_node": 110,
            "default_snat_status": [
              {
                "disabled": false
              }
            ],
            "description": "",
            "dns_config": [],
            "enable_autopilot": true,
            "enable_binary_authorization": false,
            "enable_intranode_visibility": true,
            "enable_kubernetes_alpha": false,
            "enable_l4_ilb_subsetting": false,
            "enable_legacy_abac": false,
            "enable_shielded_nodes": true,
            "enable_tpu": false,
            "endpoint": "35.228.162.195",
            "id": "projects/test-cicd-miquelpuigmena/locations/europe-north1/clusters/test-cicd-miquelpuigmena-dev-gke",
            "initial_node_count": 0,
            "instance_group_urls": [],
            "ip_allocation_policy": [
              {
                "cluster_ipv4_cidr_block": "10.254.128.0/17",
                "cluster_secondary_range_name": "gke-test-cicd-miquelpuigmena-dev-gke-pods-c06f10f2",
                "services_ipv4_cidr_block": "10.255.0.0/22",
                "services_secondary_range_name": "gke-test-cicd-miquelpuigmena-dev-gke-services-c06f10f2"
              }
            ],
            "label_fingerprint": "a9dc16a7",
            "location": "europe-north1",
            "logging_service": "logging.googleapis.com/kubernetes",
            "maintenance_policy": [],
            "master_auth": [
              {
                "client_certificate": "",
                "client_certificate_config": [
                  {
                    "issue_client_certificate": false
                  }
                ],
                "client_key": "",
                "cluster_ca_certificate": "LS0tLS1CRUdJTiBDRVJUSUZJQ0FURS0tLS0tCk1JSUVMRENDQXBTZ0F3SUJBZ0lRZkMrajFWZ1FEZHV4dEMyeGU0NkZFakFOQmdrcWhraUc5dzBCQVFzRkFEQXYKTVMwd0t3WURWUVFERXlSallXUXpNbVF4TmkxbU1EVTVMVFF6Wm1RdE9UZGtPUzFqTjJOaFptVXhOakF3TVRJdwpJQmNOTWpFeE1EQXhNRFkwTVRJNFdoZ1BNakExTVRBNU1qUXdOelF4TWpoYU1DOHhMVEFyQmdOVkJBTVRKR05oClpETXlaREUyTFdZd05Ua3RORE5tWkMwNU4yUTVMV00zWTJGbVpURTJNREF4TWpDQ0FhSXdEUVlKS29aSWh2Y04KQVFFQkJRQURnZ0dQQURDQ0FZb0NnZ0dCQUx0UXZ5c1YrOGhpNHhMVjlxbS9RcHFyczROTmtLN3RxVzFmRDRYNgpvKzNYM2RuNmJKRUszQ3BmejhQbVNhZXlFQWNaSHBhTkF2MVJINm04N3BKbkNGbUx6aGd4bWVEdmRTWGk2NEhNCjBIWUh4Sno3bXFHa2VBQWRQbHR2TmtqNjlhRnlhaUlCam4yNlpKaXlTenN0TUZJL1hjLy81TnNubm5KNnNycmQKV1dGT3pMOGM0SkVhakFWYStxNTZNMXV1aCtxa09SdGlZMGs5c0J4eVBOaHgxYmRCVDFIZ2oxVmhBNEEzcVAwMApxbTRvUFk3cWd0dmJWeGp4RVZncTVhM0NYcjJxZ0V2WVBDb2MzTUZnRDZEM3E4T01Oa0lMTmhyT0JGQjh3OExQCmFlWE1vbXh4QkNtSTc2TVkvZHZMbDhXOXFpalZnaUdFb3lMZVBWWVNzVWY1eVpxclI2TWF1N1ZaNGpXWndIQjgKTGlrODJvVDBFdGFCWTR0OG9JeUx2ZlpYRFEya1JZK1A2ZG8rNUg3RGYwRkwweS8wMTVpTlhNRndpYnYzZHJJMwp3YTZZV3U0OGdyN1pBRTZnQU51WmNZRERTZ3RHWGF0UENhVzJsTFQwSHJIRUdJNjFxaVZmQ3ZXeE10cDk0cHEvCm1XZ0FyNDlTMHhQcHI3aXRZU3hyOStxZjVRSURBUUFCbzBJd1FEQU9CZ05WSFE4QkFmOEVCQU1DQWdRd0R3WUQKVlIwVEFRSC9CQVV3QXdFQi96QWRCZ05WSFE0RUZnUVVNZHpMcm1QWXh0UGxacEhmQ3hpSmVPaFBJQkV3RFFZSgpLb1pJaHZjTkFRRUxCUUFEZ2dHQkFMY3p4aCtGcEsyQ0t4TEVLWjM0SE5oTXM2dk1vbzJCN28xZGVrNkhaTGMvCmM4WXBzSXE2YTNjM1grYjdra3NCaVJEUkNmZ3FWUGorZERRVDNtUGlXWTlqckJMbldqSDFTcytpbHFzRzZ5L2MKT1grQndRL21VWVpFRWptL25RRGRvQXlXL3NSbDJoMWZBcWVTTEN3YXZiVHIrY1M5ejdCNUlwakJrYS95cXdsOApHRjhpWmhxV0pvd1BLOWhYRG9GWTJmbzFRQjdZUUtrZDNybmtKcVFRVm1kSlFvbVRnZkMvVEE4cFlMUURDdXpsClA3NC81NVZjVjlIK3MvWFFScnNZM0lrNTBHYTdRUG0zQTIxVm1zZTVGcEcxOTZWMXBsajVmTGlINWxyZFJ1K2gKWkJ5aUJTMTA0eU5hNk1qekMxbVd0TThxZFhDaUVQTUVEeWxsbm1XdldGTmtIVEwxdlpOTk56SXR2TmozaHBNUQpHdjdRanVVcVBGWDVNamJEZG9LQm5kcU9qNWF6U2QxZTViMGQyTWYvaXc5bElzbVFreEphWFVTdTVkRWxJekNvCmQ2VUZRalgxL2JzZmZGTk55ME5YQ0l2L245V3ZYQzkzcXlUVlVzZWg2cHcwdUp2TVA4SzdGcVNaZHFSOTFyUzgKYk5qL0ZxeWNEdVQ0OGRZL1VnYVIzUT09Ci0tLS0tRU5EIENFUlRJRklDQVRFLS0tLS0K",
                "password": "",
                "username": ""
              }
            ],
            "master_authorized_networks_config": [],
            "master_version": "1.20.9-gke.1001",
            "min_master_version": null,
            "monitoring_service": "monitoring.googleapis.com/kubernetes",
            "name": "test-cicd-miquelpuigmena-dev-gke",
            "network": "projects/test-cicd-miquelpuigmena/global/networks/test-cicd-miquelpuigmena-dev-vpc",
            "network_policy": [
              {
                "enabled": false,
                "provider": "PROVIDER_UNSPECIFIED"
              }
            ],
            "networking_mode": "VPC_NATIVE",
            "node_config": [
              {
                "boot_disk_kms_key": "",
                "disk_size_gb": 100,
                "disk_type": "pd-standard",
                "ephemeral_storage_config": [],
                "guest_accelerator": [],
                "image_type": "COS_CONTAINERD",
                "kubelet_config": [],
                "labels": {},
                "linux_node_config": [],
                "local_ssd_count": 0,
                "machine_type": "e2-medium",
                "metadata": {
                  "disable-legacy-endpoints": "true"
                },
                "min_cpu_platform": "",
                "oauth_scopes": [
                  "https://www.googleapis.com/auth/devstorage.read_only",
                  "https://www.googleapis.com/auth/logging.write",
                  "https://www.googleapis.com/auth/monitoring",
                  "https://www.googleapis.com/auth/service.management.readonly",
                  "https://www.googleapis.com/auth/servicecontrol",
                  "https://www.googleapis.com/auth/trace.append"
                ],
                "preemptible": false,
                "sandbox_config": [],
                "service_account": "default",
                "shielded_instance_config": [
                  {
                    "enable_integrity_monitoring": true,
                    "enable_secure_boot": true
                  }
                ],
                "tags": [],
                "taint": [],
                "workload_metadata_config": [
                  {
                    "node_metadata": "GKE_METADATA_SERVER"
                  }
                ]
              }
            ],
            "node_locations": [
              "europe-north1-a",
              "europe-north1-b",
              "europe-north1-c"
            ],
            "node_pool": [
              {
                "autoscaling": [
                  {
                    "max_node_count": 1000,
                    "min_node_count": 0
                  }
                ],
                "initial_node_count": 1,
                "instance_group_urls": [],
                "management": [
                  {
                    "auto_repair": true,
                    "auto_upgrade": true
                  }
                ],
                "max_pods_per_node": 32,
                "name": "default-pool",
                "name_prefix": "",
                "network_config": [
                  {
                    "create_pod_range": false,
                    "pod_ipv4_cidr_block": "10.254.128.0/17",
                    "pod_range": "gke-test-cicd-miquelpuigmena-dev-gke-pods-c06f10f2"
                  }
                ],
                "node_config": [
                  {
                    "boot_disk_kms_key": "",
                    "disk_size_gb": 100,
                    "disk_type": "pd-standard",
                    "ephemeral_storage_config": [],
                    "guest_accelerator": [],
                    "image_type": "COS_CONTAINERD",
                    "kubelet_config": [],
                    "labels": {},
                    "linux_node_config": [],
                    "local_ssd_count": 0,
                    "machine_type": "e2-medium",
                    "metadata": {
                      "disable-legacy-endpoints": "true"
                    },
                    "min_cpu_platform": "",
                    "oauth_scopes": [
                      "https://www.googleapis.com/auth/devstorage.read_only",
                      "https://www.googleapis.com/auth/logging.write",
                      "https://www.googleapis.com/auth/monitoring",
                      "https://www.googleapis.com/auth/service.management.readonly",
                      "https://www.googleapis.com/auth/servicecontrol",
                      "https://www.googleapis.com/auth/trace.append"
                    ],
                    "preemptible": false,
                    "sandbox_config": [],
                    "service_account": "default",
                    "shielded_instance_config": [
                      {
                        "enable_integrity_monitoring": true,
                        "enable_secure_boot": true
                      }
                    ],
                    "tags": [],
                    "taint": [],
                    "workload_metadata_config": [
                      {
                        "node_metadata": "GKE_METADATA_SERVER"
                      }
                    ]
                  }
                ],
                "node_count": 0,
                "node_locations": [
                  "europe-north1-a",
                  "europe-north1-b"
                ],
                "upgrade_settings": [
                  {
                    "max_surge": 1,
                    "max_unavailable": 0
                  }
                ],
                "version": "1.20.9-gke.1001"
              }
            ],
            "node_version": "1.20.9-gke.1001",
            "notification_config": [
              {
                "pubsub": [
                  {
                    "enabled": false,
                    "topic": ""
                  }
                ]
              }
            ],
            "operation": null,
            "pod_security_policy_config": [
              {
                "enabled": false
              }
            ],
            "private_cluster_config": [],
            "private_ipv6_google_access": "",
            "project": "test-cicd-miquelpuigmena",
            "release_channel": [
              {
                "channel": "REGULAR"
              }
            ],
            "remove_default_node_pool": null,
            "resource_labels": null,
            "resource_usage_export_config": [],
            "self_link": "https://container.googleapis.com/v1beta1/projects/test-cicd-miquelpuigmena/locations/europe-north1/clusters/test-cicd-miquelpuigmena-dev-gke",
            "services_ipv4_cidr": "10.255.0.0/22",
            "subnetwork": "projects/test-cicd-miquelpuigmena/regions/europe-north1/subnetworks/test-cicd-miquelpuigmena-dev-subnet",
            "timeouts": null,
            "tpu_ipv4_cidr_block": "",
            "vertical_pod_autoscaling": [
              {
                "enabled": true
              }
            ],
            "workload_identity_config": [
              {
                "identity_namespace": "test-cicd-miquelpuigmena.svc.id.goog"
              }
            ]
          },
          "sensitive_attributes": [],
          "private": "eyJlMmJmYjczMC1lY2FhLTExZTYtOGY4OC0zNDM2M2JjN2M0YzAiOnsiY3JlYXRlIjoyNDAwMDAwMDAwMDAwLCJkZWxldGUiOjI0MDAwMDAwMDAwMDAsInJlYWQiOjI0MDAwMDAwMDAwMDAsInVwZGF0ZSI6MzYwMDAwMDAwMDAwMH0sInNjaGVtYV92ZXJzaW9uIjoiMSJ9",
          "dependencies": [
            "google_compute_network.dev_vpc",
            "google_compute_subnetwork.dev_subnet"
          ]
        }
      ]
    },
    {
      "mode": "managed",
      "type": "google_container_cluster",
      "name": "prod",
      "provider": "provider[\"registry.terraform.io/hashicorp/google-beta\"]",
      "instances": [
        {
          "schema_version": 1,
          "attributes": {
            "addons_config": [
              {
                "cloudrun_config": [],
                "config_connector_config": [],
                "dns_cache_config": [
                  {
                    "enabled": true
                  }
                ],
                "gce_persistent_disk_csi_driver_config": [
                  {
                    "enabled": true
                  }
                ],
                "horizontal_pod_autoscaling": [],
                "http_load_balancing": [],
                "istio_config": [],
                "kalm_config": [],
                "network_policy_config": [
                  {
                    "disabled": true
                  }
                ]
              }
            ],
            "authenticator_groups_config": [],
            "cluster_autoscaling": [
              {
                "auto_provisioning_defaults": [
                  {
                    "min_cpu_platform": "",
                    "oauth_scopes": [
                      "https://www.googleapis.com/auth/devstorage.read_only",
                      "https://www.googleapis.com/auth/logging.write",
                      "https://www.googleapis.com/auth/monitoring",
                      "https://www.googleapis.com/auth/service.management.readonly",
                      "https://www.googleapis.com/auth/servicecontrol",
                      "https://www.googleapis.com/auth/trace.append"
                    ],
                    "service_account": "default"
                  }
                ],
                "autoscaling_profile": "OPTIMIZE_UTILIZATION",
                "enabled": true,
                "resource_limits": [
                  {
                    "maximum": 1000000000,
                    "minimum": 0,
                    "resource_type": "cpu"
                  },
                  {
                    "maximum": 1000000000,
                    "minimum": 0,
                    "resource_type": "memory"
                  }
                ]
              }
            ],
            "cluster_ipv4_cidr": "10.197.0.0/17",
            "cluster_telemetry": [
              {
                "type": "ENABLED"
              }
            ],
            "confidential_nodes": [],
            "database_encryption": [
              {
                "key_name": "",
                "state": "DECRYPTED"
              }
            ],
            "datapath_provider": "",
            "default_max_pods_per_node": 110,
            "default_snat_status": [
              {
                "disabled": false
              }
            ],
            "description": "",
            "dns_config": [],
            "enable_autopilot": true,
            "enable_binary_authorization": false,
            "enable_intranode_visibility": true,
            "enable_kubernetes_alpha": false,
            "enable_l4_ilb_subsetting": false,
            "enable_legacy_abac": false,
            "enable_shielded_nodes": true,
            "enable_tpu": false,
            "endpoint": "35.228.200.250",
            "id": "projects/test-cicd-miquelpuigmena/locations/europe-north1/clusters/test-cicd-miquelpuigmena-prod-gke",
            "initial_node_count": 0,
            "instance_group_urls": [],
            "ip_allocation_policy": [
              {
                "cluster_ipv4_cidr_block": "10.197.0.0/17",
                "cluster_secondary_range_name": "gke-test-cicd-miquelpuigmena-prod-gke-pods-702c4943",
                "services_ipv4_cidr_block": "10.197.128.0/22",
                "services_secondary_range_name": "gke-test-cicd-miquelpuigmena-prod-gke-services-702c4943"
              }
            ],
            "label_fingerprint": "a9dc16a7",
            "location": "europe-north1",
            "logging_service": "logging.googleapis.com/kubernetes",
            "maintenance_policy": [],
            "master_auth": [
              {
                "client_certificate": "",
                "client_certificate_config": [
                  {
                    "issue_client_certificate": false
                  }
                ],
                "client_key": "",
                "cluster_ca_certificate": "LS0tLS1CRUdJTiBDRVJUSUZJQ0FURS0tLS0tCk1JSUVMRENDQXBTZ0F3SUJBZ0lRSTZLRWMzclkzdSs5T0lOZDFMaWVkVEFOQmdrcWhraUc5dzBCQVFzRkFEQXYKTVMwd0t3WURWUVFERXlRd05UTTBOelZtTXkxaU9XWXdMVFEzTnpndE9HWmlNUzAxTURGak56STJZbVE1TjJZdwpJQmNOTWpFeE1EQXhNRFkwTVRJNVdoZ1BNakExTVRBNU1qUXdOelF4TWpsYU1DOHhMVEFyQmdOVkJBTVRKREExCk16UTNOV1l6TFdJNVpqQXRORGMzT0MwNFptSXhMVFV3TVdNM01qWmlaRGszWmpDQ0FhSXdEUVlKS29aSWh2Y04KQVFFQkJRQURnZ0dQQURDQ0FZb0NnZ0dCQU5Mc05MVGFLTllvZ0tNeFArSXJDakRseFpPWmh3NFdNWDdYSXRsWAo5S0FuOG9ueW1Nekl4NXA0aHM0NCtWQjAvcXdwOHlRc0JHV3gxQjU5a3lwNS9JbkcwckxiREZ3N1FrZ3Z6SkJ5CjNKcVc5d3VobVJxWGllSk1SVnNyaFpDK0VpSElUQUQrWTU4OTl2V2tMRTVHZ0xydm9WNHNScUJZenJ6OGxsU2cKRThaUTljL0QxWUpyemo2d1RlZ2tnVm0vcGk4SGJqdWlVU1REYjg0aCtJYVdaOVgxWXRBcW52YUlBelNNS04zUApwbWhVdW14NFlSQ1dOSFNycFc2cmwyOGp5U3lrS3RnMWdkeVYrSElNT2R6b1huZFV4bzJ3aDU3RGVPVGZWZHp5Ck02MENNNnVjQ01hYjVhRTNnUmVGT3VaZXQzZlk1QWJ5QVk4YWNHYXQxWnd6QW40dTFYTFFRcGZUbnlVU2RqNkYKRC9WUEJjaThpamNFUHU2THhLNnY3Z3pld244Nlc5aDhuMERnbVh2bE52b1VzQ2tlWWtQMndRenFmU2VRSUZuZApzOHNGMEZuaEtQbi9ZbFY1UnN3NFEybUtxSFBOb1preEppakVzMUxVTWxXYXZoQWFtcjRvaVJqaCs5Y1I3OGk3ClFJa0Fpa1VRU3hUeHhJUUZNbmY3NWJLV0ZRSURBUUFCbzBJd1FEQU9CZ05WSFE4QkFmOEVCQU1DQWdRd0R3WUQKVlIwVEFRSC9CQVV3QXdFQi96QWRCZ05WSFE0RUZnUVVCR1I2dkNIb3dlUWFhSzJWSms4S25mcWgwUnd3RFFZSgpLb1pJaHZjTkFRRUxCUUFEZ2dHQkFFVGliTGRhQzdreUUxSkdIS3lZbkFzajl3THZUODVRanlBbW93QWx4bnVzClphUW1NZU1JWjdrOGhEOHUyVmdyd3dmdjFNdnlKcHJ3QTFoeUJRaGNlQ3JieDRyWFIzSkpqMHROVWJoVGZxSmsKTXY5bnovaTF6cGNKZVRIaUFvT3JKeXVqUThVQWZwU3BZS2dQbkdlM25NZEVaNVJMQUZsbW0xeldPYWNydk5qawp3UTJUc0xCRnN0dEJhOUkwQTdwak5SNURIZ1M2cGUycDF3WjJYa3lsR3lwd0p4OGlNcExJZlA2MUhGQ2pzSTNlCmZKV2tlb2dMMW1tVWNnK0JZK05xYUZ3MjhRMTZSci9GZ2JpNjJJMWxtc3ZOSVlQRnVrd2xTSXJKdjNZM3d4bC8KREhDNGxycUVTOWY1Rk56T2Zldk1OMnUvTVpFOTlXdHhidW9RcUtwRy8yN3lJTnZhR0hlZlRYRVN6czJxR3ArbwpQUDhlTUp5OG1JVG1xeGdMeGhYSkthQWRBdEZoMDQ2WlJjUGkveG9BRWV1V3pVMWduTFVNYTh1YjdDeGgxZ1F3CjRKRHVUVkVTL0tzSjdVK1hLL0U4eitFMHV6bVVQa3EzckkxZUJxYVpnamw5N0YveWRueVZXeFgvMENTUTVtdmYKd3ZiSXZKTHhUYXBUdHZlOFFmRXNrdz09Ci0tLS0tRU5EIENFUlRJRklDQVRFLS0tLS0K",
                "password": "",
                "username": ""
              }
            ],
            "master_authorized_networks_config": [],
            "master_version": "1.20.9-gke.1001",
            "min_master_version": null,
            "monitoring_service": "monitoring.googleapis.com/kubernetes",
            "name": "test-cicd-miquelpuigmena-prod-gke",
            "network": "projects/test-cicd-miquelpuigmena/global/networks/test-cicd-miquelpuigmena-prod-vpc",
            "network_policy": [
              {
                "enabled": false,
                "provider": "PROVIDER_UNSPECIFIED"
              }
            ],
            "networking_mode": "VPC_NATIVE",
            "node_config": [
              {
                "boot_disk_kms_key": "",
                "disk_size_gb": 100,
                "disk_type": "pd-standard",
                "ephemeral_storage_config": [],
                "guest_accelerator": [],
                "image_type": "COS_CONTAINERD",
                "kubelet_config": [],
                "labels": {},
                "linux_node_config": [],
                "local_ssd_count": 0,
                "machine_type": "e2-medium",
                "metadata": {
                  "disable-legacy-endpoints": "true"
                },
                "min_cpu_platform": "",
                "oauth_scopes": [
                  "https://www.googleapis.com/auth/devstorage.read_only",
                  "https://www.googleapis.com/auth/logging.write",
                  "https://www.googleapis.com/auth/monitoring",
                  "https://www.googleapis.com/auth/service.management.readonly",
                  "https://www.googleapis.com/auth/servicecontrol",
                  "https://www.googleapis.com/auth/trace.append"
                ],
                "preemptible": false,
                "sandbox_config": [],
                "service_account": "default",
                "shielded_instance_config": [
                  {
                    "enable_integrity_monitoring": true,
                    "enable_secure_boot": true
                  }
                ],
                "tags": [],
                "taint": [],
                "workload_metadata_config": [
                  {
                    "node_metadata": "GKE_METADATA_SERVER"
                  }
                ]
              }
            ],
            "node_locations": [
              "europe-north1-a",
              "europe-north1-b",
              "europe-north1-c"
            ],
            "node_pool": [
              {
                "autoscaling": [
                  {
                    "max_node_count": 1000,
                    "min_node_count": 0
                  }
                ],
                "initial_node_count": 1,
                "instance_group_urls": [],
                "management": [
                  {
                    "auto_repair": true,
                    "auto_upgrade": true
                  }
                ],
                "max_pods_per_node": 32,
                "name": "default-pool",
                "name_prefix": "",
                "network_config": [
                  {
                    "create_pod_range": false,
                    "pod_ipv4_cidr_block": "10.197.0.0/17",
                    "pod_range": "gke-test-cicd-miquelpuigmena-prod-gke-pods-702c4943"
                  }
                ],
                "node_config": [
                  {
                    "boot_disk_kms_key": "",
                    "disk_size_gb": 100,
                    "disk_type": "pd-standard",
                    "ephemeral_storage_config": [],
                    "guest_accelerator": [],
                    "image_type": "COS_CONTAINERD",
                    "kubelet_config": [],
                    "labels": {},
                    "linux_node_config": [],
                    "local_ssd_count": 0,
                    "machine_type": "e2-medium",
                    "metadata": {
                      "disable-legacy-endpoints": "true"
                    },
                    "min_cpu_platform": "",
                    "oauth_scopes": [
                      "https://www.googleapis.com/auth/devstorage.read_only",
                      "https://www.googleapis.com/auth/logging.write",
                      "https://www.googleapis.com/auth/monitoring",
                      "https://www.googleapis.com/auth/service.management.readonly",
                      "https://www.googleapis.com/auth/servicecontrol",
                      "https://www.googleapis.com/auth/trace.append"
                    ],
                    "preemptible": false,
                    "sandbox_config": [],
                    "service_account": "default",
                    "shielded_instance_config": [
                      {
                        "enable_integrity_monitoring": true,
                        "enable_secure_boot": true
                      }
                    ],
                    "tags": [],
                    "taint": [],
                    "workload_metadata_config": [
                      {
                        "node_metadata": "GKE_METADATA_SERVER"
                      }
                    ]
                  }
                ],
                "node_count": 0,
                "node_locations": [
                  "europe-north1-a",
                  "europe-north1-c"
                ],
                "upgrade_settings": [
                  {
                    "max_surge": 1,
                    "max_unavailable": 0
                  }
                ],
                "version": "1.20.9-gke.1001"
              }
            ],
            "node_version": "1.20.9-gke.1001",
            "notification_config": [
              {
                "pubsub": [
                  {
                    "enabled": false,
                    "topic": ""
                  }
                ]
              }
            ],
            "operation": null,
            "pod_security_policy_config": [
              {
                "enabled": false
              }
            ],
            "private_cluster_config": [],
            "private_ipv6_google_access": "",
            "project": "test-cicd-miquelpuigmena",
            "release_channel": [
              {
                "channel": "REGULAR"
              }
            ],
            "remove_default_node_pool": null,
            "resource_labels": null,
            "resource_usage_export_config": [],
            "self_link": "https://container.googleapis.com/v1beta1/projects/test-cicd-miquelpuigmena/locations/europe-north1/clusters/test-cicd-miquelpuigmena-prod-gke",
            "services_ipv4_cidr": "10.197.128.0/22",
            "subnetwork": "projects/test-cicd-miquelpuigmena/regions/europe-north1/subnetworks/test-cicd-miquelpuigmena-prod-subnet",
            "timeouts": null,
            "tpu_ipv4_cidr_block": "",
            "vertical_pod_autoscaling": [
              {
                "enabled": true
              }
            ],
            "workload_identity_config": [
              {
                "identity_namespace": "test-cicd-miquelpuigmena.svc.id.goog"
              }
            ]
          },
          "sensitive_attributes": [],
          "private": "eyJlMmJmYjczMC1lY2FhLTExZTYtOGY4OC0zNDM2M2JjN2M0YzAiOnsiY3JlYXRlIjoyNDAwMDAwMDAwMDAwLCJkZWxldGUiOjI0MDAwMDAwMDAwMDAsInJlYWQiOjI0MDAwMDAwMDAwMDAsInVwZGF0ZSI6MzYwMDAwMDAwMDAwMH0sInNjaGVtYV92ZXJzaW9uIjoiMSJ9",
          "dependencies": [
            "google_compute_network.prod_vpc",
            "google_compute_subnetwork.prod_subnet"
          ]
        }
      ]
    }
  ]
}
